// !$*UTF8*$!
{
	archiveVersion = 1;
	classes = {
	};
	objectVersion = 46;
	objects = {

/* Begin PBXBuildFile section */
		7F81BAD91D1D15CD00D9D939 /* AppDelegate.swift in Sources */ = {isa = PBXBuildFile; fileRef = 7F81BAD81D1D15CD00D9D939 /* AppDelegate.swift */; };
		7F81BADB1D1D15CD00D9D939 /* ViewController.swift in Sources */ = {isa = PBXBuildFile; fileRef = 7F81BADA1D1D15CD00D9D939 /* ViewController.swift */; };
		7F81BADE1D1D15CD00D9D939 /* Main.storyboard in Resources */ = {isa = PBXBuildFile; fileRef = 7F81BADC1D1D15CD00D9D939 /* Main.storyboard */; };
		7F81BAE11D1D15CD00D9D939 /* WatsonMobile.xcdatamodeld in Sources */ = {isa = PBXBuildFile; fileRef = 7F81BADF1D1D15CD00D9D939 /* WatsonMobile.xcdatamodeld */; };
		7F81BAE31D1D15CD00D9D939 /* Assets.xcassets in Resources */ = {isa = PBXBuildFile; fileRef = 7F81BAE21D1D15CD00D9D939 /* Assets.xcassets */; };
		7F81BAE61D1D15CD00D9D939 /* LaunchScreen.storyboard in Resources */ = {isa = PBXBuildFile; fileRef = 7F81BAE41D1D15CD00D9D939 /* LaunchScreen.storyboard */; };
/* End PBXBuildFile section */

/* Begin PBXFileReference section */
		7F81BAD51D1D15CD00D9D939 /* WatsonMobile.app */ = {isa = PBXFileReference; explicitFileType = wrapper.application; includeInIndex = 0; path = WatsonMobile.app; sourceTree = BUILT_PRODUCTS_DIR; };
		7F81BAD81D1D15CD00D9D939 /* AppDelegate.swift */ = {isa = PBXFileReference; lastKnownFileType = sourcecode.swift; path = AppDelegate.swift; sourceTree = "<group>"; };
		7F81BADA1D1D15CD00D9D939 /* ViewController.swift */ = {isa = PBXFileReference; lastKnownFileType = sourcecode.swift; path = ViewController.swift; sourceTree = "<group>"; };
		7F81BADD1D1D15CD00D9D939 /* Base */ = {isa = PBXFileReference; lastKnownFileType = file.storyboard; name = Base; path = Base.lproj/Main.storyboard; sourceTree = "<group>"; };
		7F81BAE01D1D15CD00D9D939 /* WatsonMobile.xcdatamodel */ = {isa = PBXFileReference; lastKnownFileType = wrapper.xcdatamodel; path = WatsonMobile.xcdatamodel; sourceTree = "<group>"; };
		7F81BAE21D1D15CD00D9D939 /* Assets.xcassets */ = {isa = PBXFileReference; lastKnownFileType = folder.assetcatalog; path = Assets.xcassets; sourceTree = "<group>"; };
		7F81BAE51D1D15CD00D9D939 /* Base */ = {isa = PBXFileReference; lastKnownFileType = file.storyboard; name = Base; path = Base.lproj/LaunchScreen.storyboard; sourceTree = "<group>"; };
		7F81BAE71D1D15CD00D9D939 /* Info.plist */ = {isa = PBXFileReference; lastKnownFileType = text.plist.xml; path = Info.plist; sourceTree = "<group>"; };
/* End PBXFileReference section */

/* Begin PBXFrameworksBuildPhase section */
		7F81BAD21D1D15CD00D9D939 /* Frameworks */ = {
			isa = PBXFrameworksBuildPhase;
			buildActionMask = 2147483647;
			files = (
			);
			runOnlyForDeploymentPostprocessing = 0;
		};
/* End PBXFrameworksBuildPhase section */

/* Begin PBXGroup section */
		7F81BACC1D1D15CD00D9D939 = {
			isa = PBXGroup;
			children = (
				7F81BAD71D1D15CD00D9D939 /* WatsonMobile */,
				7F81BAD61D1D15CD00D9D939 /* Products */,
			);
			sourceTree = "<group>";
		};
		7F81BAD61D1D15CD00D9D939 /* Products */ = {
			isa = PBXGroup;
			children = (
				7F81BAD51D1D15CD00D9D939 /* WatsonMobile.app */,
			);
			name = Products;
			sourceTree = "<group>";
		};
		7F81BAD71D1D15CD00D9D939 /* WatsonMobile */ = {
			isa = PBXGroup;
			children = (
				7F81BAD81D1D15CD00D9D939 /* AppDelegate.swift */,
				7F81BADA1D1D15CD00D9D939 /* ViewController.swift */,
				7F81BADC1D1D15CD00D9D939 /* Main.storyboard */,
				7F81BAE21D1D15CD00D9D939 /* Assets.xcassets */,
				7F81BAE41D1D15CD00D9D939 /* LaunchScreen.storyboard */,
				7F81BAE71D1D15CD00D9D939 /* Info.plist */,
				7F81BADF1D1D15CD00D9D939 /* WatsonMobile.xcdatamodeld */,
			);
			path = WatsonMobile;
			sourceTree = "<group>";
		};
/* End PBXGroup section */

/* Begin PBXNativeTarget section */
		7F81BAD41D1D15CD00D9D939 /* WatsonMobile */ = {
			isa = PBXNativeTarget;
			buildConfigurationList = 7F81BAEA1D1D15CD00D9D939 /* Build configuration list for PBXNativeTarget "WatsonMobile" */;
			buildPhases = (
				7F81BAD11D1D15CD00D9D939 /* Sources */,
				7F81BAD21D1D15CD00D9D939 /* Frameworks */,
				7F81BAD31D1D15CD00D9D939 /* Resources */,
			);
			buildRules = (
			);
			dependencies = (
			);
			name = WatsonMobile;
			productName = WatsonMobile;
			productReference = 7F81BAD51D1D15CD00D9D939 /* WatsonMobile.app */;
			productType = "com.apple.product-type.application";
		};
/* End PBXNativeTarget section */

/* Begin PBXProject section */
		7F81BACD1D1D15CD00D9D939 /* Project object */ = {
			isa = PBXProject;
			attributes = {
				LastSwiftUpdateCheck = 0730;
				LastUpgradeCheck = 0730;
				ORGANIZATIONNAME = ibmuser;
				TargetAttributes = {
					7F81BAD41D1D15CD00D9D939 = {
						CreatedOnToolsVersion = 7.3;
					};
				};
			};
			buildConfigurationList = 7F81BAD01D1D15CD00D9D939 /* Build configuration list for PBXProject "WatsonMobile" */;
			compatibilityVersion = "Xcode 3.2";
			developmentRegion = English;
			hasScannedForEncodings = 0;
			knownRegions = (
				en,
				Base,
			);
			mainGroup = 7F81BACC1D1D15CD00D9D939;
			productRefGroup = 7F81BAD61D1D15CD00D9D939 /* Products */;
			projectDirPath = "";
			projectRoot = "";
			targets = (
				7F81BAD41D1D15CD00D9D939 /* WatsonMobile */,
			);
		};
/* End PBXProject section */

/* Begin PBXResourcesBuildPhase section */
		7F81BAD31D1D15CD00D9D939 /* Resources */ = {
			isa = PBXResourcesBuildPhase;
			buildActionMask = 2147483647;
			files = (
				7F81BAE61D1D15CD00D9D939 /* LaunchScreen.storyboard in Resources */,
				7F81BAE31D1D15CD00D9D939 /* Assets.xcassets in Resources */,
				7F81BADE1D1D15CD00D9D939 /* Main.storyboard in Resources */,
			);
			runOnlyForDeploymentPostprocessing = 0;
		};
/* End PBXResourcesBuildPhase section */

/* Begin PBXSourcesBuildPhase section */
		7F81BAD11D1D15CD00D9D939 /* Sources */ = {
			isa = PBXSourcesBuildPhase;
			buildActionMask = 2147483647;
			files = (
				7F81BAE11D1D15CD00D9D939 /* WatsonMobile.xcdatamodeld in Sources */,
				7F81BADB1D1D15CD00D9D939 /* ViewController.swift in Sources */,
				7F81BAD91D1D15CD00D9D939 /* AppDelegate.swift in Sources */,
			);
			runOnlyForDeploymentPostprocessing = 0;
		};
/* End PBXSourcesBuildPhase section */

/* Begin PBXVariantGroup section */
		7F81BADC1D1D15CD00D9D939 /* Main.storyboard */ = {
			isa = PBXVariantGroup;
			children = (
				7F81BADD1D1D15CD00D9D939 /* Base */,
			);
			name = Main.storyboard;
			sourceTree = "<group>";
		};
		7F81BAE41D1D15CD00D9D939 /* LaunchScreen.storyboard */ = {
			isa = PBXVariantGroup;
			children = (
				7F81BAE51D1D15CD00D9D939 /* Base */,
			);
			name = LaunchScreen.storyboard;
			sourceTree = "<group>";
		};
/* End PBXVariantGroup section */

/* Begin XCBuildConfiguration section */
		7F81BAE81D1D15CD00D9D939 /* Debug */ = {
			isa = XCBuildConfiguration;
			buildSettings = {
				ALWAYS_SEARCH_USER_PATHS = NO;
				CLANG_ANALYZER_NONNULL = YES;
				CLANG_CXX_LANGUAGE_STANDARD = "gnu++0x";
				CLANG_CXX_LIBRARY = "libc++";
				CLANG_ENABLE_MODULES = YES;
				CLANG_ENABLE_OBJC_ARC = YES;
				CLANG_WARN_BOOL_CONVERSION = YES;
				CLANG_WARN_CONSTANT_CONVERSION = YES;
				CLANG_WARN_DIRECT_OBJC_ISA_USAGE = YES_ERROR;
				CLANG_WARN_EMPTY_BODY = YES;
				CLANG_WARN_ENUM_CONVERSION = YES;
				CLANG_WARN_INT_CONVERSION = YES;
				CLANG_WARN_OBJC_ROOT_CLASS = YES_ERROR;
				CLANG_WARN_UNREACHABLE_CODE = YES;
				CLANG_WARN__DUPLICATE_METHOD_MATCH = YES;
				"CODE_SIGN_IDENTITY[sdk=iphoneos*]" = "iPhone Developer";
				COPY_PHASE_STRIP = NO;
				DEBUG_INFORMATION_FORMAT = dwarf;
				ENABLE_STRICT_OBJC_MSGSEND = YES;
				ENABLE_TESTABILITY = YES;
				GCC_C_LANGUAGE_STANDARD = gnu99;
				GCC_DYNAMIC_NO_PIC = NO;
				GCC_NO_COMMON_BLOCKS = YES;
				GCC_OPTIMIZATION_LEVEL = 0;
				GCC_PREPROCESSOR_DEFINITIONS = (
					"DEBUG=1",
					"$(inherited)",
				);
				GCC_WARN_64_TO_32_BIT_CONVERSION = YES;
				GCC_WARN_ABOUT_RETURN_TYPE = YES_ERROR;
				GCC_WARN_UNDECLARED_SELECTOR = YES;
				GCC_WARN_UNINITIALIZED_AUTOS = YES_AGGRESSIVE;
				GCC_WARN_UNUSED_FUNCTION = YES;
				GCC_WARN_UNUSED_VARIABLE = YES;
				IPHONEOS_DEPLOYMENT_TARGET = 9.3;
				MTL_ENABLE_DEBUG_INFO = YES;
				ONLY_ACTIVE_ARCH = YES;
				SDKROOT = iphoneos;
				SWIFT_OPTIMIZATION_LEVEL = "-Onone";
			};
			name = Debug;
		};
		7F81BAE91D1D15CD00D9D939 /* Release */ = {
			isa = XCBuildConfiguration;
			buildSettings = {
				ALWAYS_SEARCH_USER_PATHS = NO;
				CLANG_ANALYZER_NONNULL = YES;
				CLANG_CXX_LANGUAGE_STANDARD = "gnu++0x";
				CLANG_CXX_LIBRARY = "libc++";
				CLANG_ENABLE_MODULES = YES;
				CLANG_ENABLE_OBJC_ARC = YES;
				CLANG_WARN_BOOL_CONVERSION = YES;
				CLANG_WARN_CONSTANT_CONVERSION = YES;
				CLANG_WARN_DIRECT_OBJC_ISA_USAGE = YES_ERROR;
				CLANG_WARN_EMPTY_BODY = YES;
				CLANG_WARN_ENUM_CONVERSION = YES;
				CLANG_WARN_INT_CONVERSION = YES;
				CLANG_WARN_OBJC_ROOT_CLASS = YES_ERROR;
				CLANG_WARN_UNREACHABLE_CODE = YES;
				CLANG_WARN__DUPLICATE_METHOD_MATCH = YES;
				"CODE_SIGN_IDENTITY[sdk=iphoneos*]" = "iPhone Developer";
				COPY_PHASE_STRIP = NO;
				DEBUG_INFORMATION_FORMAT = "dwarf-with-dsym";
				ENABLE_NS_ASSERTIONS = NO;
				ENABLE_STRICT_OBJC_MSGSEND = YES;
				GCC_C_LANGUAGE_STANDARD = gnu99;
				GCC_NO_COMMON_BLOCKS = YES;
				GCC_WARN_64_TO_32_BIT_CONVERSION = YES;
				GCC_WARN_ABOUT_RETURN_TYPE = YES_ERROR;
				GCC_WARN_UNDECLARED_SELECTOR = YES;
				GCC_WARN_UNINITIALIZED_AUTOS = YES_AGGRESSIVE;
				GCC_WARN_UNUSED_FUNCTION = YES;
				GCC_WARN_UNUSED_VARIABLE = YES;
				IPHONEOS_DEPLOYMENT_TARGET = 9.3;
				MTL_ENABLE_DEBUG_INFO = NO;
				SDKROOT = iphoneos;
				VALIDATE_PRODUCT = YES;
			};
			name = Release;
		};
		7F81BAEB1D1D15CD00D9D939 /* Debug */ = {
			isa = XCBuildConfiguration;
			buildSettings = {
				ASSETCATALOG_COMPILER_APPICON_NAME = AppIcon;
				INFOPLIST_FILE = WatsonMobile/Info.plist;
				LD_RUNPATH_SEARCH_PATHS = "$(inherited) @executable_path/Frameworks";
				PRODUCT_BUNDLE_IDENTIFIER = ibm.WatsonMobile;
				PRODUCT_NAME = "$(TARGET_NAME)";
			};
			name = Debug;
		};
		7F81BAEC1D1D15CD00D9D939 /* Release */ = {
			isa = XCBuildConfiguration;
			buildSettings = {
				ASSETCATALOG_COMPILER_APPICON_NAME = AppIcon;
				INFOPLIST_FILE = WatsonMobile/Info.plist;
				LD_RUNPATH_SEARCH_PATHS = "$(inherited) @executable_path/Frameworks";
				PRODUCT_BUNDLE_IDENTIFIER = ibm.WatsonMobile;
				PRODUCT_NAME = "$(TARGET_NAME)";
			};
			name = Release;
		};
/* End XCBuildConfiguration section */

/* Begin XCConfigurationList section */
		7F81BAD01D1D15CD00D9D939 /* Build configuration list for PBXProject "WatsonMobile" */ = {
			isa = XCConfigurationList;
			buildConfigurations = (
				7F81BAE81D1D15CD00D9D939 /* Debug */,
				7F81BAE91D1D15CD00D9D939 /* Release */,
			);
			defaultConfigurationIsVisible = 0;
			defaultConfigurationName = Release;
		};
		7F81BAEA1D1D15CD00D9D939 /* Build configuration list for PBXNativeTarget "WatsonMobile" */ = {
			isa = XCConfigurationList;
			buildConfigurations = (
				7F81BAEB1D1D15CD00D9D939 /* Debug */,
				7F81BAEC1D1D15CD00D9D939 /* Release */,
			);
			defaultConfigurationIsVisible = 0;
		};
/* End XCConfigurationList section */

/* Begin XCVersionGroup section */
		7F81BADF1D1D15CD00D9D939 /* WatsonMobile.xcdatamodeld */ = {
			isa = XCVersionGroup;
			children = (
				7F81BAE01D1D15CD00D9D939 /* WatsonMobile.xcdatamodel */,
			);
			currentVersion = 7F81BAE01D1D15CD00D9D939 /* WatsonMobile.xcdatamodel */;
			path = WatsonMobile.xcdatamodeld;
			sourceTree = "<group>";
			versionGroupType = wrapper.xcdatamodel;
		};
/* End XCVersionGroup section */
	};
	rootObject = 7F81BACD1D1D15CD00D9D939 /* Project object */;
}
